
Microsoft Visual Studio Solution File, Format Version 12.00
# Visual Studio Version 17
VisualStudioVersion = 17.14.36408.4
MinimumVisualStudioVersion = 10.0.40219.1
Project("{FAE04EC0-301F-11D3-BF4B-00C04F79EFBC}") = "StandalonePluginManager", "StandalonePluginManager\StandalonePluginManager.csproj", "{7D3EF471-63FD-49BA-86A7-D4A04CC51A43}"
EndProject
Project("{FAE04EC0-301F-11D3-BF4B-00C04F79EFBC}") = "ECommons", "ECommons\ECommons\ECommons.csproj", "{0B1F2C54-98D7-DBB6-6CDF-C71EE0173954}"
EndProject
Global
	GlobalSection(SolutionConfigurationPlatforms) = preSolution
		Debug|Any CPU = Debug|Any CPU
		Release|Any CPU = Release|Any CPU
	EndGlobalSection
	GlobalSection(ProjectConfigurationPlatforms) = postSolution
		{7D3EF471-63FD-49BA-86A7-D4A04CC51A43}.Debug|Any CPU.ActiveCfg = Debug|x64
		{7D3EF471-63FD-49BA-86A7-D4A04CC51A43}.Debug|Any CPU.Build.0 = Debug|x64
		{7D3EF471-63FD-49BA-86A7-D4A04CC51A43}.Release|Any CPU.ActiveCfg = Release|x64
		{7D3EF471-63FD-49BA-86A7-D4A04CC51A43}.Release|Any CPU.Build.0 = Release|x64
		{0B1F2C54-98D7-DBB6-6CDF-C71EE0173954}.Debug|Any CPU.ActiveCfg = Debug|x64
		{0B1F2C54-98D7-DBB6-6CDF-C71EE0173954}.Debug|Any CPU.Build.0 = Debug|x64
		{0B1F2C54-98D7-DBB6-6CDF-C71EE0173954}.Release|Any CPU.ActiveCfg = Release|x64
		{0B1F2C54-98D7-DBB6-6CDF-C71EE0173954}.Release|Any CPU.Build.0 = Release|x64
	EndGlobalSection
	GlobalSection(SolutionProperties) = preSolution
		HideSolutionNode = FALSE
	EndGlobalSection
	GlobalSection(ExtensibilityGlobals) = postSolution
		SolutionGuid = {982CB144-64BC-430F-8157-CB38C1300827}
	EndGlobalSection
EndGlobal
